
Microsoft Visual Studio Solution File, Format Version 12.00
# Visual Studio Version 17
VisualStudioVersion = 17.3.32922.545
MinimumVisualStudioVersion = 10.0.40219.1
Project("{FAE04EC0-301F-11D3-BF4B-00C04F79EFBC}") = "TalentAgileShop.Web", "TalentAgileShop.Web\TalentAgileShop.Web.csproj", "{4C5029BD-2BCA-4298-BD01-F383A3E052F7}"
EndProject
Global
	GlobalSection(SolutionConfigurationPlatforms) = preSolution
		Debug|Any CPU = Debug|Any CPU
		Release|Any CPU = Release|Any CPU
	EndGlobalSection
	GlobalSection(ProjectConfigurationPlatforms) = postSolution
		{4C5029BD-2BCA-4298-BD01-F383A3E052F7}.Debug|Any CPU.ActiveCfg = Debug|Any CPU
		{4C5029BD-2BCA-4298-BD01-F383A3E052F7}.Debug|Any CPU.Build.0 = Debug|Any CPU
		{4C5029BD-2BCA-4298-BD01-F383A3E052F7}.Release|Any CPU.ActiveCfg = Release|Any CPU
		{4C5029BD-2BCA-4298-BD01-F383A3E052F7}.Release|Any CPU.Build.0 = Release|Any CPU
	EndGlobalSection
	GlobalSection(SolutionProperties) = preSolution
		HideSolutionNode = FALSE
	EndGlobalSection
	GlobalSection(ExtensibilityGlobals) = postSolution
		SolutionGuid = {ECA979A7-4316-42B7-A796-9CB16750FB16}
	EndGlobalSection
EndGlobal
